// !$*UTF8*$!
{
	archiveVersion = 1;
	classes = {
	};
	objectVersion = 46;
	objects = {

/* Begin PBXBuildFile section */
		6F7248571992231B008EB2AA /* Foundation.framework in Frameworks */ = {isa = PBXBuildFile; fileRef = 6F7248561992231B008EB2AA /* Foundation.framework */; };
		6F7248591992231B008EB2AA /* CoreGraphics.framework in Frameworks */ = {isa = PBXBuildFile; fileRef = 6F7248581992231B008EB2AA /* CoreGraphics.framework */; };
		6F72485B1992231B008EB2AA /* UIKit.framework in Frameworks */ = {isa = PBXBuildFile; fileRef = 6F72485A1992231B008EB2AA /* UIKit.framework */; };
		6F7248611992231B008EB2AA /* InfoPlist.strings in Resources */ = {isa = PBXBuildFile; fileRef = 6F72485F1992231B008EB2AA /* InfoPlist.strings */; };
		6F7248631992231B008EB2AA /* main.m in Sources */ = {isa = PBXBuildFile; fileRef = 6F7248621992231B008EB2AA /* main.m */; };
		6F7248671992231B008EB2AA /* AppDelegate.m in Sources */ = {isa = PBXBuildFile; fileRef = 6F7248661992231B008EB2AA /* AppDelegate.m */; };
		6F72486A1992231B008EB2AA /* Main.storyboard in Resources */ = {isa = PBXBuildFile; fileRef = 6F7248681992231B008EB2AA /* Main.storyboard */; };
		6F72486D1992231B008EB2AA /* ViewController.m in Sources */ = {isa = PBXBuildFile; fileRef = 6F72486C1992231B008EB2AA /* ViewController.m */; };
		6F72486F1992231B008EB2AA /* Images.xcassets in Resources */ = {isa = PBXBuildFile; fileRef = 6F72486E1992231B008EB2AA /* Images.xcassets */; };
		6F7248761992231B008EB2AA /* XCTest.framework in Frameworks */ = {isa = PBXBuildFile; fileRef = 6F7248751992231B008EB2AA /* XCTest.framework */; };
		6F7248771992231C008EB2AA /* Foundation.framework in Frameworks */ = {isa = PBXBuildFile; fileRef = 6F7248561992231B008EB2AA /* Foundation.framework */; };
		6F7248781992231C008EB2AA /* UIKit.framework in Frameworks */ = {isa = PBXBuildFile; fileRef = 6F72485A1992231B008EB2AA /* UIKit.framework */; };
		6F7248801992231C008EB2AA /* InfoPlist.strings in Resources */ = {isa = PBXBuildFile; fileRef = 6F72487E1992231C008EB2AA /* InfoPlist.strings */; };
		6F7248821992231C008EB2AA /* TestForNotificationTests.m in Sources */ = {isa = PBXBuildFile; fileRef = 6F7248811992231C008EB2AA /* TestForNotificationTests.m */; };
		6F72488E1992238A008EB2AA /* libPushSDK.a in Frameworks */ = {isa = PBXBuildFile; fileRef = 6F72488D1992238A008EB2AA /* libPushSDK.a */; };
		6F724890199223D6008EB2AA /* CFNetwork.framework in Frameworks */ = {isa = PBXBuildFile; fileRef = 6F72488F199223D6008EB2AA /* CFNetwork.framework */; };
		6F724892199223DF008EB2AA /* CoreFoundation.framework in Frameworks */ = {isa = PBXBuildFile; fileRef = 6F724891199223DF008EB2AA /* CoreFoundation.framework */; };
		6F724894199223E8008EB2AA /* CoreTelephony.framework in Frameworks */ = {isa = PBXBuildFile; fileRef = 6F724893199223E8008EB2AA /* CoreTelephony.framework */; };
		6F724896199223F0008EB2AA /* SystemConfiguration.framework in Frameworks */ = {isa = PBXBuildFile; fileRef = 6F724895199223F0008EB2AA /* SystemConfiguration.framework */; };
		6F72489819922407008EB2AA /* Security.framework in Frameworks */ = {isa = PBXBuildFile; fileRef = 6F72489719922407008EB2AA /* Security.framework */; };
		6F72489A19922414008EB2AA /* libz.dylib in Frameworks */ = {isa = PBXBuildFile; fileRef = 6F72489919922414008EB2AA /* libz.dylib */; };
		6F7248AF19922483008EB2AA /* AFHTTPRequestOperation.m in Sources */ = {isa = PBXBuildFile; fileRef = 6F72489D19922483008EB2AA /* AFHTTPRequestOperation.m */; };
		6F7248B019922483008EB2AA /* AFHTTPRequestOperationManager.m in Sources */ = {isa = PBXBuildFile; fileRef = 6F72489F19922483008EB2AA /* AFHTTPRequestOperationManager.m */; };
		6F7248B119922483008EB2AA /* AFHTTPSessionManager.m in Sources */ = {isa = PBXBuildFile; fileRef = 6F7248A119922483008EB2AA /* AFHTTPSessionManager.m */; };
		6F7248B219922483008EB2AA /* AFNetworkReachabilityManager.m in Sources */ = {isa = PBXBuildFile; fileRef = 6F7248A419922483008EB2AA /* AFNetworkReachabilityManager.m */; };
		6F7248B319922483008EB2AA /* AFSecurityPolicy.m in Sources */ = {isa = PBXBuildFile; fileRef = 6F7248A619922483008EB2AA /* AFSecurityPolicy.m */; };
		6F7248B419922483008EB2AA /* AFURLConnectionOperation.m in Sources */ = {isa = PBXBuildFile; fileRef = 6F7248A819922483008EB2AA /* AFURLConnectionOperation.m */; };
		6F7248B519922483008EB2AA /* AFURLRequestSerialization.m in Sources */ = {isa = PBXBuildFile; fileRef = 6F7248AA19922483008EB2AA /* AFURLRequestSerialization.m */; };
		6F7248B619922483008EB2AA /* AFURLResponseSerialization.m in Sources */ = {isa = PBXBuildFile; fileRef = 6F7248AC19922483008EB2AA /* AFURLResponseSerialization.m */; };
		6F7248B719922483008EB2AA /* AFURLSessionManager.m in Sources */ = {isa = PBXBuildFile; fileRef = 6F7248AE19922483008EB2AA /* AFURLSessionManager.m */; };
		6F7248B9199224D2008EB2AA /* PushConfig.plist in Resources */ = {isa = PBXBuildFile; fileRef = 6F7248B8199224D2008EB2AA /* PushConfig.plist */; };
		6F7248BB19922E2F008EB2AA /* soundA.caf in Resources */ = {isa = PBXBuildFile; fileRef = 6F7248BA19922E2F008EB2AA /* soundA.caf */; };
		6F7248BE19934ED8008EB2AA /* CommonFunc.m in Sources */ = {isa = PBXBuildFile; fileRef = 6F7248BD19934ED8008EB2AA /* CommonFunc.m */; };
		6F75735C199379D6002405B1 /* ring.caf in Resources */ = {isa = PBXBuildFile; fileRef = 6F75735B199379D6002405B1 /* ring.caf */; };
/* End PBXBuildFile section */

/* Begin PBXContainerItemProxy section */
		6F7248791992231C008EB2AA /* PBXContainerItemProxy */ = {
			isa = PBXContainerItemProxy;
			containerPortal = 6F72484B1992231B008EB2AA /* Project object */;
			proxyType = 1;
			remoteGlobalIDString = 6F7248521992231B008EB2AA;
			remoteInfo = TestForNotification;
		};
/* End PBXContainerItemProxy section */

/* Begin PBXFileReference section */
		6F7248531992231B008EB2AA /* TestForNotification.app */ = {isa = PBXFileReference; explicitFileType = wrapper.application; includeInIndex = 0; path = TestForNotification.app; sourceTree = BUILT_PRODUCTS_DIR; };
		6F7248561992231B008EB2AA /* Foundation.framework */ = {isa = PBXFileReference; lastKnownFileType = wrapper.framework; name = Foundation.framework; path = System/Library/Frameworks/Foundation.framework; sourceTree = SDKROOT; };
		6F7248581992231B008EB2AA /* CoreGraphics.framework */ = {isa = PBXFileReference; lastKnownFileType = wrapper.framework; name = CoreGraphics.framework; path = System/Library/Frameworks/CoreGraphics.framework; sourceTree = SDKROOT; };
		6F72485A1992231B008EB2AA /* UIKit.framework */ = {isa = PBXFileReference; lastKnownFileType = wrapper.framework; name = UIKit.framework; path = System/Library/Frameworks/UIKit.framework; sourceTree = SDKROOT; };
		6F72485E1992231B008EB2AA /* TestForNotification-Info.plist */ = {isa = PBXFileReference; lastKnownFileType = text.plist.xml; path = "TestForNotification-Info.plist"; sourceTree = "<group>"; };
		6F7248601992231B008EB2AA /* en */ = {isa = PBXFileReference; lastKnownFileType = text.plist.strings; name = en; path = en.lproj/InfoPlist.strings; sourceTree = "<group>"; };
		6F7248621992231B008EB2AA /* main.m */ = {isa = PBXFileReference; lastKnownFileType = sourcecode.c.objc; path = main.m; sourceTree = "<group>"; };
		6F7248641992231B008EB2AA /* TestForNotification-Prefix.pch */ = {isa = PBXFileReference; lastKnownFileType = sourcecode.c.h; path = "TestForNotification-Prefix.pch"; sourceTree = "<group>"; };
		6F7248651992231B008EB2AA /* AppDelegate.h */ = {isa = PBXFileReference; lastKnownFileType = sourcecode.c.h; path = AppDelegate.h; sourceTree = "<group>"; };
		6F7248661992231B008EB2AA /* AppDelegate.m */ = {isa = PBXFileReference; lastKnownFileType = sourcecode.c.objc; path = AppDelegate.m; sourceTree = "<group>"; };
		6F7248691992231B008EB2AA /* Base */ = {isa = PBXFileReference; lastKnownFileType = file.storyboard; name = Base; path = Base.lproj/Main.storyboard; sourceTree = "<group>"; };
		6F72486B1992231B008EB2AA /* ViewController.h */ = {isa = PBXFileReference; lastKnownFileType = sourcecode.c.h; path = ViewController.h; sourceTree = "<group>"; };
		6F72486C1992231B008EB2AA /* ViewController.m */ = {isa = PBXFileReference; lastKnownFileType = sourcecode.c.objc; path = ViewController.m; sourceTree = "<group>"; };
		6F72486E1992231B008EB2AA /* Images.xcassets */ = {isa = PBXFileReference; lastKnownFileType = folder.assetcatalog; path = Images.xcassets; sourceTree = "<group>"; };
		6F7248741992231B008EB2AA /* TestForNotificationTests.xctest */ = {isa = PBXFileReference; explicitFileType = wrapper.cfbundle; includeInIndex = 0; path = TestForNotificationTests.xctest; sourceTree = BUILT_PRODUCTS_DIR; };
		6F7248751992231B008EB2AA /* XCTest.framework */ = {isa = PBXFileReference; lastKnownFileType = wrapper.framework; name = XCTest.framework; path = Library/Frameworks/XCTest.framework; sourceTree = DEVELOPER_DIR; };
		6F72487D1992231C008EB2AA /* TestForNotificationTests-Info.plist */ = {isa = PBXFileReference; lastKnownFileType = text.plist.xml; path = "TestForNotificationTests-Info.plist"; sourceTree = "<group>"; };
		6F72487F1992231C008EB2AA /* en */ = {isa = PBXFileReference; lastKnownFileType = text.plist.strings; name = en; path = en.lproj/InfoPlist.strings; sourceTree = "<group>"; };
		6F7248811992231C008EB2AA /* TestForNotificationTests.m */ = {isa = PBXFileReference; lastKnownFileType = sourcecode.c.objc; path = TestForNotificationTests.m; sourceTree = "<group>"; };
		6F72488C1992238A008EB2AA /* APService.h */ = {isa = PBXFileReference; fileEncoding = 4; lastKnownFileType = sourcecode.c.h; path = APService.h; sourceTree = "<group>"; };
		6F72488D1992238A008EB2AA /* libPushSDK.a */ = {isa = PBXFileReference; lastKnownFileType = archive.ar; path = libPushSDK.a; sourceTree = "<group>"; };
		6F72488F199223D6008EB2AA /* CFNetwork.framework */ = {isa = PBXFileReference; lastKnownFileType = wrapper.framework; name = CFNetwork.framework; path = System/Library/Frameworks/CFNetwork.framework; sourceTree = SDKROOT; };
		6F724891199223DF008EB2AA /* CoreFoundation.framework */ = {isa = PBXFileReference; lastKnownFileType = wrapper.framework; name = CoreFoundation.framework; path = System/Library/Frameworks/CoreFoundation.framework; sourceTree = SDKROOT; };
		6F724893199223E8008EB2AA /* CoreTelephony.framework */ = {isa = PBXFileReference; lastKnownFileType = wrapper.framework; name = CoreTelephony.framework; path = System/Library/Frameworks/CoreTelephony.framework; sourceTree = SDKROOT; };
		6F724895199223F0008EB2AA /* SystemConfiguration.framework */ = {isa = PBXFileReference; lastKnownFileType = wrapper.framework; name = SystemConfiguration.framework; path = System/Library/Frameworks/SystemConfiguration.framework; sourceTree = SDKROOT; };
		6F72489719922407008EB2AA /* Security.framework */ = {isa = PBXFileReference; lastKnownFileType = wrapper.framework; name = Security.framework; path = System/Library/Frameworks/Security.framework; sourceTree = SDKROOT; };
		6F72489919922414008EB2AA /* libz.dylib */ = {isa = PBXFileReference; lastKnownFileType = "compiled.mach-o.dylib"; name = libz.dylib; path = usr/lib/libz.dylib; sourceTree = SDKROOT; };
		6F72489C19922483008EB2AA /* AFHTTPRequestOperation.h */ = {isa = PBXFileReference; fileEncoding = 4; lastKnownFileType = sourcecode.c.h; path = AFHTTPRequestOperation.h; sourceTree = "<group>"; };
		6F72489D19922483008EB2AA /* AFHTTPRequestOperation.m */ = {isa = PBXFileReference; fileEncoding = 4; lastKnownFileType = sourcecode.c.objc; path = AFHTTPRequestOperation.m; sourceTree = "<group>"; };
		6F72489E19922483008EB2AA /* AFHTTPRequestOperationManager.h */ = {isa = PBXFileReference; fileEncoding = 4; lastKnownFileType = sourcecode.c.h; path = AFHTTPRequestOperationManager.h; sourceTree = "<group>"; };
		6F72489F19922483008EB2AA /* AFHTTPRequestOperationManager.m */ = {isa = PBXFileReference; fileEncoding = 4; lastKnownFileType = sourcecode.c.objc; path = AFHTTPRequestOperationManager.m; sourceTree = "<group>"; };
		6F7248A019922483008EB2AA /* AFHTTPSessionManager.h */ = {isa = PBXFileReference; fileEncoding = 4; lastKnownFileType = sourcecode.c.h; path = AFHTTPSessionManager.h; sourceTree = "<group>"; };
		6F7248A119922483008EB2AA /* AFHTTPSessionManager.m */ = {isa = PBXFileReference; fileEncoding = 4; lastKnownFileType = sourcecode.c.objc; path = AFHTTPSessionManager.m; sourceTree = "<group>"; };
		6F7248A219922483008EB2AA /* AFNetworking.h */ = {isa = PBXFileReference; fileEncoding = 4; lastKnownFileType = sourcecode.c.h; path = AFNetworking.h; sourceTree = "<group>"; };
		6F7248A319922483008EB2AA /* AFNetworkReachabilityManager.h */ = {isa = PBXFileReference; fileEncoding = 4; lastKnownFileType = sourcecode.c.h; path = AFNetworkReachabilityManager.h; sourceTree = "<group>"; };
		6F7248A419922483008EB2AA /* AFNetworkReachabilityManager.m */ = {isa = PBXFileReference; fileEncoding = 4; lastKnownFileType = sourcecode.c.objc; path = AFNetworkReachabilityManager.m; sourceTree = "<group>"; };
		6F7248A519922483008EB2AA /* AFSecurityPolicy.h */ = {isa = PBXFileReference; fileEncoding = 4; lastKnownFileType = sourcecode.c.h; path = AFSecurityPolicy.h; sourceTree = "<group>"; };
		6F7248A619922483008EB2AA /* AFSecurityPolicy.m */ = {isa = PBXFileReference; fileEncoding = 4; lastKnownFileType = sourcecode.c.objc; path = AFSecurityPolicy.m; sourceTree = "<group>"; };
		6F7248A719922483008EB2AA /* AFURLConnectionOperation.h */ = {isa = PBXFileReference; fileEncoding = 4; lastKnownFileType = sourcecode.c.h; path = AFURLConnectionOperation.h; sourceTree = "<group>"; };
		6F7248A819922483008EB2AA /* AFURLConnectionOperation.m */ = {isa = PBXFileReference; fileEncoding = 4; lastKnownFileType = sourcecode.c.objc; path = AFURLConnectionOperation.m; sourceTree = "<group>"; };
		6F7248A919922483008EB2AA /* AFURLRequestSerialization.h */ = {isa = PBXFileReference; fileEncoding = 4; lastKnownFileType = sourcecode.c.h; path = AFURLRequestSerialization.h; sourceTree = "<group>"; };
		6F7248AA19922483008EB2AA /* AFURLRequestSerialization.m */ = {isa = PBXFileReference; fileEncoding = 4; lastKnownFileType = sourcecode.c.objc; path = AFURLRequestSerialization.m; sourceTree = "<group>"; };
		6F7248AB19922483008EB2AA /* AFURLResponseSerialization.h */ = {isa = PBXFileReference; fileEncoding = 4; lastKnownFileType = sourcecode.c.h; path = AFURLResponseSerialization.h; sourceTree = "<group>"; };
		6F7248AC19922483008EB2AA /* AFURLResponseSerialization.m */ = {isa = PBXFileReference; fileEncoding = 4; lastKnownFileType = sourcecode.c.objc; path = AFURLResponseSerialization.m; sourceTree = "<group>"; };
		6F7248AD19922483008EB2AA /* AFURLSessionManager.h */ = {isa = PBXFileReference; fileEncoding = 4; lastKnownFileType = sourcecode.c.h; path = AFURLSessionManager.h; sourceTree = "<group>"; };
		6F7248AE19922483008EB2AA /* AFURLSessionManager.m */ = {isa = PBXFileReference; fileEncoding = 4; lastKnownFileType = sourcecode.c.objc; path = AFURLSessionManager.m; sourceTree = "<group>"; };
		6F7248B8199224D2008EB2AA /* PushConfig.plist */ = {isa = PBXFileReference; fileEncoding = 4; lastKnownFileType = text.plist.xml; path = PushConfig.plist; sourceTree = "<group>"; };
		6F7248BA19922E2F008EB2AA /* soundA.caf */ = {isa = PBXFileReference; lastKnownFileType = file; path = soundA.caf; sourceTree = "<group>"; };
		6F7248BC19934ED8008EB2AA /* CommonFunc.h */ = {isa = PBXFileReference; fileEncoding = 4; lastKnownFileType = sourcecode.c.h; path = CommonFunc.h; sourceTree = "<group>"; };
		6F7248BD19934ED8008EB2AA /* CommonFunc.m */ = {isa = PBXFileReference; fileEncoding = 4; lastKnownFileType = sourcecode.c.objc; path = CommonFunc.m; sourceTree = "<group>"; };
		6F75735B199379D6002405B1 /* ring.caf */ = {isa = PBXFileReference; lastKnownFileType = file; path = ring.caf; sourceTree = "<group>"; };
/* End PBXFileReference section */

/* Begin PBXFrameworksBuildPhase section */
		6F7248501992231B008EB2AA /* Frameworks */ = {
			isa = PBXFrameworksBuildPhase;
			buildActionMask = 2147483647;
			files = (
				6F72489A19922414008EB2AA /* libz.dylib in Frameworks */,
				6F72489819922407008EB2AA /* Security.framework in Frameworks */,
				6F724896199223F0008EB2AA /* SystemConfiguration.framework in Frameworks */,
				6F724894199223E8008EB2AA /* CoreTelephony.framework in Frameworks */,
				6F724892199223DF008EB2AA /* CoreFoundation.framework in Frameworks */,
				6F724890199223D6008EB2AA /* CFNetwork.framework in Frameworks */,
				6F72488E1992238A008EB2AA /* libPushSDK.a in Frameworks */,
				6F7248591992231B008EB2AA /* CoreGraphics.framework in Frameworks */,
				6F72485B1992231B008EB2AA /* UIKit.framework in Frameworks */,
				6F7248571992231B008EB2AA /* Foundation.framework in Frameworks */,
			);
			runOnlyForDeploymentPostprocessing = 0;
		};
		6F7248711992231B008EB2AA /* Frameworks */ = {
			isa = PBXFrameworksBuildPhase;
			buildActionMask = 2147483647;
			files = (
				6F7248761992231B008EB2AA /* XCTest.framework in Frameworks */,
				6F7248781992231C008EB2AA /* UIKit.framework in Frameworks */,
				6F7248771992231C008EB2AA /* Foundation.framework in Frameworks */,
			);
			runOnlyForDeploymentPostprocessing = 0;
		};
/* End PBXFrameworksBuildPhase section */

/* Begin PBXGroup section */
		6F72484A1992231B008EB2AA = {
			isa = PBXGroup;
			children = (
				6F72489B19922483008EB2AA /* AFNetworking */,
				6F72488B1992238A008EB2AA /* lib */,
				6F72485C1992231B008EB2AA /* TestForNotification */,
				6F72487B1992231C008EB2AA /* TestForNotificationTests */,
				6F7248551992231B008EB2AA /* Frameworks */,
				6F7248541992231B008EB2AA /* Products */,
			);
			sourceTree = "<group>";
		};
		6F7248541992231B008EB2AA /* Products */ = {
			isa = PBXGroup;
			children = (
				6F7248531992231B008EB2AA /* TestForNotification.app */,
				6F7248741992231B008EB2AA /* TestForNotificationTests.xctest */,
			);
			name = Products;
			sourceTree = "<group>";
		};
		6F7248551992231B008EB2AA /* Frameworks */ = {
			isa = PBXGroup;
			children = (
				6F72489919922414008EB2AA /* libz.dylib */,
				6F72489719922407008EB2AA /* Security.framework */,
				6F724895199223F0008EB2AA /* SystemConfiguration.framework */,
				6F724893199223E8008EB2AA /* CoreTelephony.framework */,
				6F724891199223DF008EB2AA /* CoreFoundation.framework */,
				6F72488F199223D6008EB2AA /* CFNetwork.framework */,
				6F7248561992231B008EB2AA /* Foundation.framework */,
				6F7248581992231B008EB2AA /* CoreGraphics.framework */,
				6F72485A1992231B008EB2AA /* UIKit.framework */,
				6F7248751992231B008EB2AA /* XCTest.framework */,
			);
			name = Frameworks;
			sourceTree = "<group>";
		};
		6F72485C1992231B008EB2AA /* TestForNotification */ = {
			isa = PBXGroup;
			children = (
				6F7248BC19934ED8008EB2AA /* CommonFunc.h */,
				6F7248BD19934ED8008EB2AA /* CommonFunc.m */,
				6F7248651992231B008EB2AA /* AppDelegate.h */,
				6F7248661992231B008EB2AA /* AppDelegate.m */,
				6F7248681992231B008EB2AA /* Main.storyboard */,
				6F72486B1992231B008EB2AA /* ViewController.h */,
				6F72486C1992231B008EB2AA /* ViewController.m */,
				6F72486E1992231B008EB2AA /* Images.xcassets */,
				6F72485D1992231B008EB2AA /* Supporting Files */,
			);
			path = TestForNotification;
			sourceTree = "<group>";
		};
		6F72485D1992231B008EB2AA /* Supporting Files */ = {
			isa = PBXGroup;
			children = (
				6F75735B199379D6002405B1 /* ring.caf */,
				6F7248BA19922E2F008EB2AA /* soundA.caf */,
				6F7248B8199224D2008EB2AA /* PushConfig.plist */,
				6F72485E1992231B008EB2AA /* TestForNotification-Info.plist */,
				6F72485F1992231B008EB2AA /* InfoPlist.strings */,
				6F7248621992231B008EB2AA /* main.m */,
				6F7248641992231B008EB2AA /* TestForNotification-Prefix.pch */,
			);
			name = "Supporting Files";
			sourceTree = "<group>";
		};
		6F72487B1992231C008EB2AA /* TestForNotificationTests */ = {
			isa = PBXGroup;
			children = (
				6F7248811992231C008EB2AA /* TestForNotificationTests.m */,
				6F72487C1992231C008EB2AA /* Supporting Files */,
			);
			path = TestForNotificationTests;
			sourceTree = "<group>";
		};
		6F72487C1992231C008EB2AA /* Supporting Files */ = {
			isa = PBXGroup;
			children = (
				6F72487D1992231C008EB2AA /* TestForNotificationTests-Info.plist */,
				6F72487E1992231C008EB2AA /* InfoPlist.strings */,
			);
			name = "Supporting Files";
			sourceTree = "<group>";
		};
		6F72488B1992238A008EB2AA /* lib */ = {
			isa = PBXGroup;
			children = (
				6F72488C1992238A008EB2AA /* APService.h */,
				6F72488D1992238A008EB2AA /* libPushSDK.a */,
			);
			name = lib;
			path = "../../Downloads/JPush-iOS-SDK-1.7.4/lib";
			sourceTree = "<group>";
		};
		6F72489B19922483008EB2AA /* AFNetworking */ = {
			isa = PBXGroup;
			children = (
				6F72489C19922483008EB2AA /* AFHTTPRequestOperation.h */,
				6F72489D19922483008EB2AA /* AFHTTPRequestOperation.m */,
				6F72489E19922483008EB2AA /* AFHTTPRequestOperationManager.h */,
				6F72489F19922483008EB2AA /* AFHTTPRequestOperationManager.m */,
				6F7248A019922483008EB2AA /* AFHTTPSessionManager.h */,
				6F7248A119922483008EB2AA /* AFHTTPSessionManager.m */,
				6F7248A219922483008EB2AA /* AFNetworking.h */,
				6F7248A319922483008EB2AA /* AFNetworkReachabilityManager.h */,
				6F7248A419922483008EB2AA /* AFNetworkReachabilityManager.m */,
				6F7248A519922483008EB2AA /* AFSecurityPolicy.h */,
				6F7248A619922483008EB2AA /* AFSecurityPolicy.m */,
				6F7248A719922483008EB2AA /* AFURLConnectionOperation.h */,
				6F7248A819922483008EB2AA /* AFURLConnectionOperation.m */,
				6F7248A919922483008EB2AA /* AFURLRequestSerialization.h */,
				6F7248AA19922483008EB2AA /* AFURLRequestSerialization.m */,
				6F7248AB19922483008EB2AA /* AFURLResponseSerialization.h */,
				6F7248AC19922483008EB2AA /* AFURLResponseSerialization.m */,
				6F7248AD19922483008EB2AA /* AFURLSessionManager.h */,
				6F7248AE19922483008EB2AA /* AFURLSessionManager.m */,
			);
			name = AFNetworking;
			path = TestForNotification/AFNetworking;
			sourceTree = "<group>";
		};
/* End PBXGroup section */

/* Begin PBXNativeTarget section */
		6F7248521992231B008EB2AA /* TestForNotification */ = {
			isa = PBXNativeTarget;
			buildConfigurationList = 6F7248851992231C008EB2AA /* Build configuration list for PBXNativeTarget "TestForNotification" */;
			buildPhases = (
				6F72484F1992231B008EB2AA /* Sources */,
				6F7248501992231B008EB2AA /* Frameworks */,
				6F7248511992231B008EB2AA /* Resources */,
			);
			buildRules = (
			);
			dependencies = (
			);
			name = TestForNotification;
			productName = TestForNotification;
			productReference = 6F7248531992231B008EB2AA /* TestForNotification.app */;
			productType = "com.apple.product-type.application";
		};
		6F7248731992231B008EB2AA /* TestForNotificationTests */ = {
			isa = PBXNativeTarget;
			buildConfigurationList = 6F7248881992231C008EB2AA /* Build configuration list for PBXNativeTarget "TestForNotificationTests" */;
			buildPhases = (
				6F7248701992231B008EB2AA /* Sources */,
				6F7248711992231B008EB2AA /* Frameworks */,
				6F7248721992231B008EB2AA /* Resources */,
			);
			buildRules = (
			);
			dependencies = (
				6F72487A1992231C008EB2AA /* PBXTargetDependency */,
			);
			name = TestForNotificationTests;
			productName = TestForNotificationTests;
			productReference = 6F7248741992231B008EB2AA /* TestForNotificationTests.xctest */;
			productType = "com.apple.product-type.bundle.unit-test";
		};
/* End PBXNativeTarget section */

/* Begin PBXProject section */
		6F72484B1992231B008EB2AA /* Project object */ = {
			isa = PBXProject;
			attributes = {
				LastUpgradeCheck = 0500;
				ORGANIZATIONNAME = redcdn;
				TargetAttributes = {
					6F7248731992231B008EB2AA = {
						TestTargetID = 6F7248521992231B008EB2AA;
					};
				};
			};
			buildConfigurationList = 6F72484E1992231B008EB2AA /* Build configuration list for PBXProject "TestForNotification" */;
			compatibilityVersion = "Xcode 3.2";
			developmentRegion = English;
			hasScannedForEncodings = 0;
			knownRegions = (
				en,
				Base,
			);
			mainGroup = 6F72484A1992231B008EB2AA;
			productRefGroup = 6F7248541992231B008EB2AA /* Products */;
			projectDirPath = "";
			projectRoot = "";
			targets = (
				6F7248521992231B008EB2AA /* TestForNotification */,
				6F7248731992231B008EB2AA /* TestForNotificationTests */,
			);
		};
/* End PBXProject section */

/* Begin PBXResourcesBuildPhase section */
		6F7248511992231B008EB2AA /* Resources */ = {
			isa = PBXResourcesBuildPhase;
			buildActionMask = 2147483647;
			files = (
				6F75735C199379D6002405B1 /* ring.caf in Resources */,
				6F7248BB19922E2F008EB2AA /* soundA.caf in Resources */,
				6F7248B9199224D2008EB2AA /* PushConfig.plist in Resources */,
				6F72486F1992231B008EB2AA /* Images.xcassets in Resources */,
				6F7248611992231B008EB2AA /* InfoPlist.strings in Resources */,
				6F72486A1992231B008EB2AA /* Main.storyboard in Resources */,
			);
			runOnlyForDeploymentPostprocessing = 0;
		};
		6F7248721992231B008EB2AA /* Resources */ = {
			isa = PBXResourcesBuildPhase;
			buildActionMask = 2147483647;
			files = (
				6F7248801992231C008EB2AA /* InfoPlist.strings in Resources */,
			);
			runOnlyForDeploymentPostprocessing = 0;
		};
/* End PBXResourcesBuildPhase section */

/* Begin PBXSourcesBuildPhase section */
		6F72484F1992231B008EB2AA /* Sources */ = {
			isa = PBXSourcesBuildPhase;
			buildActionMask = 2147483647;
			files = (
				6F7248AF19922483008EB2AA /* AFHTTPRequestOperation.m in Sources */,
				6F72486D1992231B008EB2AA /* ViewController.m in Sources */,
				6F7248B019922483008EB2AA /* AFHTTPRequestOperationManager.m in Sources */,
				6F7248B219922483008EB2AA /* AFNetworkReachabilityManager.m in Sources */,
				6F7248B619922483008EB2AA /* AFURLResponseSerialization.m in Sources */,
				6F7248B419922483008EB2AA /* AFURLConnectionOperation.m in Sources */,
				6F7248B319922483008EB2AA /* AFSecurityPolicy.m in Sources */,
				6F7248B119922483008EB2AA /* AFHTTPSessionManager.m in Sources */,
				6F7248BE19934ED8008EB2AA /* CommonFunc.m in Sources */,
				6F7248B519922483008EB2AA /* AFURLRequestSerialization.m in Sources */,
				6F7248B719922483008EB2AA /* AFURLSessionManager.m in Sources */,
				6F7248671992231B008EB2AA /* AppDelegate.m in Sources */,
				6F7248631992231B008EB2AA /* main.m in Sources */,
			);
			runOnlyForDeploymentPostprocessing = 0;
		};
		6F7248701992231B008EB2AA /* Sources */ = {
			isa = PBXSourcesBuildPhase;
			buildActionMask = 2147483647;
			files = (
				6F7248821992231C008EB2AA /* TestForNotificationTests.m in Sources */,
			);
			runOnlyForDeploymentPostprocessing = 0;
		};
/* End PBXSourcesBuildPhase section */

/* Begin PBXTargetDependency section */
		6F72487A1992231C008EB2AA /* PBXTargetDependency */ = {
			isa = PBXTargetDependency;
			target = 6F7248521992231B008EB2AA /* TestForNotification */;
			targetProxy = 6F7248791992231C008EB2AA /* PBXContainerItemProxy */;
		};
/* End PBXTargetDependency section */

/* Begin PBXVariantGroup section */
		6F72485F1992231B008EB2AA /* InfoPlist.strings */ = {
			isa = PBXVariantGroup;
			children = (
				6F7248601992231B008EB2AA /* en */,
			);
			name = InfoPlist.strings;
			sourceTree = "<group>";
		};
		6F7248681992231B008EB2AA /* Main.storyboard */ = {
			isa = PBXVariantGroup;
			children = (
				6F7248691992231B008EB2AA /* Base */,
			);
			name = Main.storyboard;
			sourceTree = "<group>";
		};
		6F72487E1992231C008EB2AA /* InfoPlist.strings */ = {
			isa = PBXVariantGroup;
			children = (
				6F72487F1992231C008EB2AA /* en */,
			);
			name = InfoPlist.strings;
			sourceTree = "<group>";
		};
/* End PBXVariantGroup section */

/* Begin XCBuildConfiguration section */
		6F7248831992231C008EB2AA /* Debug */ = {
			isa = XCBuildConfiguration;
			buildSettings = {
				ALWAYS_SEARCH_USER_PATHS = NO;
				ARCHS = "$(ARCHS_STANDARD_INCLUDING_64_BIT)";
				CLANG_CXX_LANGUAGE_STANDARD = "gnu++0x";
				CLANG_CXX_LIBRARY = "libc++";
				CLANG_ENABLE_MODULES = YES;
				CLANG_ENABLE_OBJC_ARC = YES;
				CLANG_WARN_BOOL_CONVERSION = YES;
				CLANG_WARN_CONSTANT_CONVERSION = YES;
				CLANG_WARN_DIRECT_OBJC_ISA_USAGE = YES_ERROR;
				CLANG_WARN_EMPTY_BODY = YES;
				CLANG_WARN_ENUM_CONVERSION = YES;
				CLANG_WARN_INT_CONVERSION = YES;
				CLANG_WARN_OBJC_ROOT_CLASS = YES_ERROR;
				CLANG_WARN__DUPLICATE_METHOD_MATCH = YES;
				"CODE_SIGN_IDENTITY[sdk=iphoneos*]" = "iPhone Developer";
				COPY_PHASE_STRIP = NO;
				GCC_C_LANGUAGE_STANDARD = gnu99;
				GCC_DYNAMIC_NO_PIC = NO;
				GCC_OPTIMIZATION_LEVEL = 0;
				GCC_PREPROCESSOR_DEFINITIONS = (
					"DEBUG=1",
					"$(inherited)",
				);
				GCC_SYMBOLS_PRIVATE_EXTERN = NO;
				GCC_WARN_64_TO_32_BIT_CONVERSION = YES;
				GCC_WARN_ABOUT_RETURN_TYPE = YES_ERROR;
				GCC_WARN_UNDECLARED_SELECTOR = YES;
				GCC_WARN_UNINITIALIZED_AUTOS = YES;
				GCC_WARN_UNUSED_FUNCTION = YES;
				GCC_WARN_UNUSED_VARIABLE = YES;
				IPHONEOS_DEPLOYMENT_TARGET = 7.0;
				ONLY_ACTIVE_ARCH = YES;
				SDKROOT = iphoneos;
			};
			name = Debug;
		};
		6F7248841992231C008EB2AA /* Release */ = {
			isa = XCBuildConfiguration;
			buildSettings = {
				ALWAYS_SEARCH_USER_PATHS = NO;
				ARCHS = "$(ARCHS_STANDARD_INCLUDING_64_BIT)";
				CLANG_CXX_LANGUAGE_STANDARD = "gnu++0x";
				CLANG_CXX_LIBRARY = "libc++";
				CLANG_ENABLE_MODULES = YES;
				CLANG_ENABLE_OBJC_ARC = YES;
				CLANG_WARN_BOOL_CONVERSION = YES;
				CLANG_WARN_CONSTANT_CONVERSION = YES;
				CLANG_WARN_DIRECT_OBJC_ISA_USAGE = YES_ERROR;
				CLANG_WARN_EMPTY_BODY = YES;
				CLANG_WARN_ENUM_CONVERSION = YES;
				CLANG_WARN_INT_CONVERSION = YES;
				CLANG_WARN_OBJC_ROOT_CLASS = YES_ERROR;
				CLANG_WARN__DUPLICATE_METHOD_MATCH = YES;
				"CODE_SIGN_IDENTITY[sdk=iphoneos*]" = "iPhone Developer";
				COPY_PHASE_STRIP = YES;
				ENABLE_NS_ASSERTIONS = NO;
				GCC_C_LANGUAGE_STANDARD = gnu99;
				GCC_WARN_64_TO_32_BIT_CONVERSION = YES;
				GCC_WARN_ABOUT_RETURN_TYPE = YES_ERROR;
				GCC_WARN_UNDECLARED_SELECTOR = YES;
				GCC_WARN_UNINITIALIZED_AUTOS = YES;
				GCC_WARN_UNUSED_FUNCTION = YES;
				GCC_WARN_UNUSED_VARIABLE = YES;
				IPHONEOS_DEPLOYMENT_TARGET = 7.0;
				SDKROOT = iphoneos;
				VALIDATE_PRODUCT = YES;
			};
			name = Release;
		};
		6F7248861992231C008EB2AA /* Debug */ = {
			isa = XCBuildConfiguration;
			buildSettings = {
				ASSETCATALOG_COMPILER_APPICON_NAME = AppIcon;
				ASSETCATALOG_COMPILER_LAUNCHIMAGE_NAME = LaunchImage;
				GCC_PRECOMPILE_PREFIX_HEADER = YES;
				GCC_PREFIX_HEADER = "TestForNotification/TestForNotification-Prefix.pch";
				INFOPLIST_FILE = "TestForNotification/TestForNotification-Info.plist";
				IPHONEOS_DEPLOYMENT_TARGET = 6.0;
				LIBRARY_SEARCH_PATHS = (
					"$(inherited)",
					"/Users/dshy1234/Downloads/JPush-iOS-SDK-1.7.4/lib",
				);
				OTHER_LDFLAGS = (
					"-ObjC",
					"-all_load",
				);
				PRODUCT_NAME = "$(TARGET_NAME)";
				PROVISIONING_PROFILE = "A73F0746-9C7D-4DE9-B2E7-4B085F42FA42";
				TARGETED_DEVICE_FAMILY = 1;
				WRAPPER_EXTENSION = app;
			};
			name = Debug;
		};
		6F7248871992231C008EB2AA /* Release */ = {
			isa = XCBuildConfiguration;
			buildSettings = {
				ASSETCATALOG_COMPILER_APPICON_NAME = AppIcon;
				ASSETCATALOG_COMPILER_LAUNCHIMAGE_NAME = LaunchImage;
				GCC_PRECOMPILE_PREFIX_HEADER = YES;
				GCC_PREFIX_HEADER = "TestForNotification/TestForNotification-Prefix.pch";
				INFOPLIST_FILE = "TestForNotification/TestForNotification-Info.plist";
				IPHONEOS_DEPLOYMENT_TARGET = 6.0;
				LIBRARY_SEARCH_PATHS = (
					"$(inherited)",
					"/Users/dshy1234/Downloads/JPush-iOS-SDK-1.7.4/lib",
				);
				OTHER_LDFLAGS = (
					"-ObjC",
					"-all_load",
				);
				PRODUCT_NAME = "$(TARGET_NAME)";
				PROVISIONING_PROFILE = "A73F0746-9C7D-4DE9-B2E7-4B085F42FA42";
				TARGETED_DEVICE_FAMILY = 1;
				WRAPPER_EXTENSION = app;
			};
			name = Release;
		};
		6F7248891992231C008EB2AA /* Debug */ = {
			isa = XCBuildConfiguration;
			buildSettings = {
				ARCHS = "$(ARCHS_STANDARD_INCLUDING_64_BIT)";
				BUNDLE_LOADER = "$(BUILT_PRODUCTS_DIR)/TestForNotification.app/TestForNotification";
				FRAMEWORK_SEARCH_PATHS = (
					"$(SDKROOT)/Developer/Library/Frameworks",
					"$(inherited)",
					"$(DEVELOPER_FRAMEWORKS_DIR)",
				);
				GCC_PRECOMPILE_PREFIX_HEADER = YES;
				GCC_PREFIX_HEADER = "TestForNotification/TestForNotification-Prefix.pch";
				GCC_PREPROCESSOR_DEFINITIONS = (
					"DEBUG=1",
					"$(inherited)",
				);
				INFOPLIST_FILE = "TestForNotificationTests/TestForNotificationTests-Info.plist";
				PRODUCT_NAME = "$(TARGET_NAME)";
				TEST_HOST = "$(BUNDLE_LOADER)";
				WRAPPER_EXTENSION = xctest;
			};
			name = Debug;
		};
		6F72488A1992231C008EB2AA /* Release */ = {
			isa = XCBuildConfiguration;
			buildSettings = {
				ARCHS = "$(ARCHS_STANDARD_INCLUDING_64_BIT)";
				BUNDLE_LOADER = "$(BUILT_PRODUCTS_DIR)/TestForNotification.app/TestForNotification";
				FRAMEWORK_SEARCH_PATHS = (
					"$(SDKROOT)/Developer/Library/Frameworks",
					"$(inherited)",
					"$(DEVELOPER_FRAMEWORKS_DIR)",
				);
				GCC_PRECOMPILE_PREFIX_HEADER = YES;
				GCC_PREFIX_HEADER = "TestForNotification/TestForNotification-Prefix.pch";
				INFOPLIST_FILE = "TestForNotificationTests/TestForNotificationTests-Info.plist";
				PRODUCT_NAME = "$(TARGET_NAME)";
				TEST_HOST = "$(BUNDLE_LOADER)";
				WRAPPER_EXTENSION = xctest;
			};
			name = Release;
		};
/* End XCBuildConfiguration section */

/* Begin XCConfigurationList section */
		6F72484E1992231B008EB2AA /* Build configuration list for PBXProject "TestForNotification" */ = {
			isa = XCConfigurationList;
			buildConfigurations = (
				6F7248831992231C008EB2AA /* Debug */,
				6F7248841992231C008EB2AA /* Release */,
			);
			defaultConfigurationIsVisible = 0;
			defaultConfigurationName = Release;
		};
		6F7248851992231C008EB2AA /* Build configuration list for PBXNativeTarget "TestForNotification" */ = {
			isa = XCConfigurationList;
			buildConfigurations = (
				6F7248861992231C008EB2AA /* Debug */,
				6F7248871992231C008EB2AA /* Release */,
			);
			defaultConfigurationIsVisible = 0;
			defaultConfigurationName = Release;
		};
		6F7248881992231C008EB2AA /* Build configuration list for PBXNativeTarget "TestForNotificationTests" */ = {
			isa = XCConfigurationList;
			buildConfigurations = (
				6F7248891992231C008EB2AA /* Debug */,
				6F72488A1992231C008EB2AA /* Release */,
			);
			defaultConfigurationIsVisible = 0;
			defaultConfigurationName = Release;
		};
/* End XCConfigurationList section */
	};
	rootObject = 6F72484B1992231B008EB2AA /* Project object */;
}
